# THIS IS AN AUTOGENERATED FILE. DO NOT EDIT THIS FILE DIRECTLY.
# yarn lockfile v1


"@onaio/connected-reducer-registry@^0.0.3":
  version "0.0.3"
  resolved "https://registry.yarnpkg.com/@onaio/connected-reducer-registry/-/connected-reducer-registry-0.0.3.tgz#2ccb901d3ace97425b8451a3ee4b39f80cec7c4a"
  integrity sha512-OxykHEbQcuOb7o6VrMqqIKtYhmLSYzMQxdcJvPQDEAqIDCn5MvkRsWqr8RPF3y3ojgn44dMXhRwBrfej8pos3w==
  dependencies:
    "@onaio/redux-reducer-registry" "^0.0.9"

"@onaio/gatekeeper@^0.1.0":
  version "0.1.0"
  resolved "https://registry.yarnpkg.com/@onaio/gatekeeper/-/gatekeeper-0.1.0.tgz#23b45e054e69a34901a67c727079d1bbb51ac032"
  integrity sha512-sZEV0jdYPiv4Dt/iBqBI5lgtMWZwVsFqu4kS/3oDqu1O4UorjiV4+8lZHoLoWm2iIDx4YoI6eKtE1aj/tWGXMQ==
  dependencies:
    "@onaio/session-reducer" "^0.0.11"
    client-oauth2 "^4.3.3"
    query-string "^6.4.2"

"@onaio/redux-reducer-registry@^0.0.9":
  version "0.0.9"
  resolved "https://registry.yarnpkg.com/@onaio/redux-reducer-registry/-/redux-reducer-registry-0.0.9.tgz#513bac5c9838ca3bcf60f0963a6824a88b9694b7"
  integrity sha512-XNBLsWFjDijEr/0ejzi5AzsKvUiJBt4xrmRpWHMWUPkY9Lfo+pfLCxLB8n4qDO30Dt/UYuHOSX1dgXAlsvcuPg==
  dependencies:
    redux "^4.0.1"

"@onaio/session-reducer@^0.0.11":
  version "0.0.11"
  resolved "https://registry.yarnpkg.com/@onaio/session-reducer/-/session-reducer-0.0.11.tgz#4e8384ef3fc48d0bb697d698b115e8fc541100ed"
  integrity sha512-vjesMXOggnFgJAwlUSFgGfU95TepDL/JwRo9mUPxqvlkQRT296xMbm62RZdvUMwzi4StdXXH/3Vyv3emMuWeqA==

"@onaio/utils@^0.0.1":
  version "0.0.1"
  resolved "https://registry.yarnpkg.com/@onaio/utils/-/utils-0.0.1.tgz#c4b6b0afb3b7ad6e2b6135a160d3d79e53e286af"
  integrity sha512-JybtApO1LqxidE+avNdu6Qq+EOvywn92/h++HIMvA5DIKMZ6e1OGdG2ZMbFkylmx8JpvVcFypSIomPzKUYvL7w==

"@opensrp/reducer-factory@^0.0.9":
  version "0.0.9"
  resolved "https://registry.yarnpkg.com/@opensrp/reducer-factory/-/reducer-factory-0.0.9.tgz#4dbe60dcb18cf4e744319647256bd83d9b4583ad"
  integrity sha512-Wy8IBUwayGCkyRrGTwYuxz4dnw/elTnALUIvZgF2eiqExkSR2gwsj+j2nlWAFET4hi9ZUeLKOkTzeOGbgOPwiw==
  dependencies:
    "@onaio/utils" "^0.0.1"
    lodash "^4.17.15"
    redux "^4.0.5"
    seamless-immutable "^7.1.4"

"@opensrp/server-service@^0.0.10":
  version "0.0.10"
  resolved "https://registry.yarnpkg.com/@opensrp/server-service/-/server-service-0.0.10.tgz#89f7f3ada0c6f21ca1928dec58827b995f624607"
  integrity sha512-KXTJG39DRxd2lC/21uA/hERhnFDQ0bazwpmfIATPZyUDL1WhOyNfDzwq6f/6+yeSdqeNsx20sBSk3RwLVUItAQ==

"@opensrp/store@^0.0.5":
  version "0.0.5"
  resolved "https://registry.yarnpkg.com/@opensrp/store/-/store-0.0.5.tgz#fe27aa5f6dd0b4e8e75b27924ca4da9cc528c026"
  integrity sha512-TIq7BGxekFOz56Fug/2muVGRATKTEDCP6hoSHkwPoDXy5z+BWPD7y2Ec/GahxHw/XBG9sIp920+YMc6hj9fqJg==
  dependencies:
    "@onaio/connected-reducer-registry" "^0.0.3"
    "@onaio/gatekeeper" "^0.1.0"
    "@onaio/redux-reducer-registry" "^0.0.9"
    "@onaio/session-reducer" "^0.0.11"
    "@onaio/utils" "^0.0.1"
    connected-react-router "^6.8.0"
    fast_array_intersect "^1.1.0"
    lodash "^4.17.20"
    redux-thunk "^2.3.0"
    reselect "^4.0.0"
    seamless-immutable "^7.1.4"

"@servie/events@^1.0.0":
  version "1.0.0"
  resolved "https://registry.yarnpkg.com/@servie/events/-/events-1.0.0.tgz#8258684b52d418ab7b86533e861186638ecc5dc1"
  integrity sha512-sBSO19KzdrJCM3gdx6eIxV8M9Gxfgg6iDQmH5TIAGaUu+X9VDdsINXJOnoiZ1Kx3TrHdH4bt5UVglkjsEGBcvw==

"@types/geojson@^7946.0.7":
  version "7946.0.7"
  resolved "https://registry.yarnpkg.com/@types/geojson/-/geojson-7946.0.7.tgz#c8fa532b60a0042219cdf173ca21a975ef0666ad"
  integrity sha512-wE2v81i4C4Ol09RtsWFAqg3BUitWbHSpSlIo+bNdsCJijO9sjme+zm+73ZMCa/qMC8UEERxzGbvmr1cffo2SiQ==

"@types/tough-cookie@^2.3.5":
  version "2.3.7"
  resolved "https://registry.yarnpkg.com/@types/tough-cookie/-/tough-cookie-2.3.7.tgz#979434b5900f9d710f5d4e15c466cadb8e9fdc47"
  integrity sha512-rMQbgMGxnLsdn8e9aPVyuN+zMQLrZ2QW8xlv7eWS1mydfGXN+tsTKffcIzd8rGCcLdmi3xvQw2MDaZI1bBNTaw==

byte-length@^1.0.2:
  version "1.0.2"
  resolved "https://registry.yarnpkg.com/byte-length/-/byte-length-1.0.2.tgz#ba5a5909240b0121c079b7f7b15248d6f08223cc"
  integrity sha512-ovBpjmsgd/teRmgcPh23d4gJvxDoXtAzEL9xTfMU8Yc2kqCDb7L9jAG0XHl1nzuGl+h3ebCIF1i62UFyA9V/2Q==

client-oauth2@^4.3.3:
  version "4.3.3"
  resolved "https://registry.yarnpkg.com/client-oauth2/-/client-oauth2-4.3.3.tgz#7a700e6f4bf412c1f96da0d6b50e07676561e086"
  integrity sha512-k8AvUYJon0vv75ufoVo4nALYb/qwFFicO3I0+39C6xEdflqVtr+f9cy+0ZxAduoVSTfhP5DX2tY2XICAd5hy6Q==
  dependencies:
    popsicle "^12.0.5"
    safe-buffer "^5.2.0"

connected-react-router@^6.8.0:
  version "6.8.0"
  resolved "https://registry.yarnpkg.com/connected-react-router/-/connected-react-router-6.8.0.tgz#ddc687b31d498322445d235d660798489fa56cae"
  integrity sha512-E64/6krdJM3Ag3MMmh2nKPtMbH15s3JQDuaYJvOVXzu6MbHbDyIvuwLOyhQIuP4Om9zqEfZYiVyflROibSsONg==
  dependencies:
    prop-types "^15.7.2"

decode-uri-component@^0.2.0:
  version "0.2.0"
  resolved "https://registry.yarnpkg.com/decode-uri-component/-/decode-uri-component-0.2.0.tgz#eb3913333458775cb84cd1a1fae062106bb87545"
  integrity sha1-6zkTMzRYd1y4TNGh+uBiEGu4dUU=

end-of-stream@^1.1.0:
  version "1.4.4"
  resolved "https://registry.yarnpkg.com/end-of-stream/-/end-of-stream-1.4.4.tgz#5ae64a5f45057baf3626ec14da0ca5e4b2431eb0"
  integrity sha512-+uw1inIHVPQoaVuHzRyXd21icM+cnt4CzD5rW+NC1wjOUSTOs+Te7FOv7AhN7vS9x/oIyhLP5PR1H+phQAHu5Q==
  dependencies:
    once "^1.4.0"

fast_array_intersect@^1.1.0:
  version "1.1.0"
  resolved "https://registry.yarnpkg.com/fast_array_intersect/-/fast_array_intersect-1.1.0.tgz#8e8a83d95c515fd55bfb2b02da94da3d7f1c2b8b"
  integrity sha512-/DCilZlUdz2XyNDF+ASs0PwY+RKG9Y4Silp/gbS72Cvbg4oibc778xcecg+pnNyiNHYgh/TApsiDTjpdniyShw==

formik-antd@^2.0.1:
  version "2.0.1"
  resolved "https://registry.yarnpkg.com/formik-antd/-/formik-antd-2.0.1.tgz#0f50ee1141c299187132fd7641e3467a2261e58d"
  integrity sha512-KyDRqzPUchYvKLLku5/yphzIDkAFDT8ViKo6+9wXYJf0duwcuCmsNZlgQiEdlCrm1IWN3XMLUCPV/MUm0iLKww==

ip-regex@^2.1.0:
  version "2.1.0"
  resolved "https://registry.yarnpkg.com/ip-regex/-/ip-regex-2.1.0.tgz#fa78bf5d2e6913c911ce9f819ee5146bb6d844e9"
  integrity sha1-+ni/XS5pE8kRzp+BnuUUa7bYROk=

"js-tokens@^3.0.0 || ^4.0.0":
  version "4.0.0"
  resolved "https://registry.yarnpkg.com/js-tokens/-/js-tokens-4.0.0.tgz#19203fb59991df98e3a287050d4647cdeaf32499"
  integrity sha512-RdJUflcE3cUzKiMqQgsCu06FPu9UdIJO0beYbPhHN4k6apgJtifcoCtT9bcxOpYBtpD2kCM6Sbzg4CausW/PKQ==

lodash@^4.17.15, lodash@^4.17.20:
  version "4.17.20"
  resolved "https://registry.yarnpkg.com/lodash/-/lodash-4.17.20.tgz#b44a9b6297bcb698f1c51a3545a2b3b368d59c52"
  integrity sha512-PlhdFcillOINfeV7Ni6oF1TAEayyZBoZ8bcshTHqOYJYlrqzRK5hagpagky5o4HfCzzd1TRkXPMFq6cKk9rGmA==

loose-envify@^1.4.0:
  version "1.4.0"
  resolved "https://registry.yarnpkg.com/loose-envify/-/loose-envify-1.4.0.tgz#71ee51fa7be4caec1a63839f7e682d8132d30caf"
  integrity sha512-lyuxPGr/Wfhrlem2CL/UcnUc1zcqKAImBDzukY7Y5F/yQiNdko6+fRLevlw1HgMySw7f611UIY408EtxRSoK3Q==
  dependencies:
    js-tokens "^3.0.0 || ^4.0.0"

make-error-cause@^2.2.0:
  version "2.3.0"
  resolved "https://registry.yarnpkg.com/make-error-cause/-/make-error-cause-2.3.0.tgz#ecd11875971e506d510e93d37796e5b83f46d6f9"
  integrity sha512-etgt+n4LlOkGSJbBTV9VROHA5R7ekIPS4vfh+bCAoJgRrJWdqJCBbpS3osRJ/HrT7R68MzMiY3L3sDJ/Fd8aBg==
  dependencies:
    make-error "^1.3.5"

make-error@^1.3.5:
  version "1.3.6"
  resolved "https://registry.yarnpkg.com/make-error/-/make-error-1.3.6.tgz#2eb2e37ea9b67c4891f684a1394799af484cf7a2"
  integrity sha512-s8UhlNe7vPKomQhC1qFelMokr/Sc3AgNbso3n74mVPA5LTZwkB9NlXf4XPamLxJE8h0gh73rM94xvwRT2CVInw==

object-assign@^4.1.1:
  version "4.1.1"
  resolved "https://registry.yarnpkg.com/object-assign/-/object-assign-4.1.1.tgz#2109adc7965887cfc05cbbd442cac8bfbb360863"
  integrity sha1-IQmtx5ZYh8/AXLvUQsrIv7s2CGM=

once@^1.3.1, once@^1.4.0:
  version "1.4.0"
  resolved "https://registry.yarnpkg.com/once/-/once-1.4.0.tgz#583b1aa775961d4b113ac17d9c50baef9dd76bd1"
  integrity sha1-WDsap3WWHUsROsF9nFC6753Xa9E=
  dependencies:
    wrappy "1"

popsicle-content-encoding@^1.0.0:
  version "1.0.0"
  resolved "https://registry.yarnpkg.com/popsicle-content-encoding/-/popsicle-content-encoding-1.0.0.tgz#2ab419083fee0387bf6e64d21b1a9af560795adb"
  integrity sha512-4Df+vTfM8wCCJVTzPujiI6eOl3SiWQkcZg0AMrOkD1enMXsF3glIkFUZGvour1Sj7jOWCsNSEhBxpbbhclHhzw==

popsicle-cookie-jar@^1.0.0:
  version "1.0.0"
  resolved "https://registry.yarnpkg.com/popsicle-cookie-jar/-/popsicle-cookie-jar-1.0.0.tgz#9e8c89be7182b31f7ce0e66dad465ae475d8f47c"
  integrity sha512-vrlOGvNVELko0+J8NpGC5lHWDGrk8LQJq9nwAMIVEVBfN1Lib3BLxAaLRGDTuUnvl45j5N9dT2H85PULz6IjjQ==
  dependencies:
    "@types/tough-cookie" "^2.3.5"
    tough-cookie "^3.0.1"

popsicle-redirects@^1.1.0:
  version "1.1.0"
  resolved "https://registry.yarnpkg.com/popsicle-redirects/-/popsicle-redirects-1.1.0.tgz#2a5abb49a7ad49c02e90b24d4608dc0b8b23176a"
  integrity sha512-XCpzVjVk7tty+IJnSdqWevmOr1n8HNDhL86v7mZ6T1JIIf2KGybxUk9mm7ZFOhWMkGB0e8XkacHip7BV8AQWQA==

popsicle-transport-http@^1.0.8:
  version "1.0.9"
  resolved "https://registry.yarnpkg.com/popsicle-transport-http/-/popsicle-transport-http-1.0.9.tgz#aebd9aeb751eceec910380ae23a1c094c957581e"
  integrity sha512-55Os0JdCs35FI8cAsgMoKG6XXKR4Wh8qZIbL3rY5+IZqqjMIo3/3q3wSE98mUhHyLgjg9HQ6ep5wNfhbYCI7GQ==
  dependencies:
    make-error-cause "^2.2.0"
    pump "^3.0.0"

popsicle-transport-xhr@^2.0.0:
  version "2.0.0"
  resolved "https://registry.yarnpkg.com/popsicle-transport-xhr/-/popsicle-transport-xhr-2.0.0.tgz#23d5fabb0e50e321d50219860825c27cd827ddd9"
  integrity sha512-5Sbud4Widngf1dodJE5cjEYXkzEUIl8CzyYRYR57t6vpy9a9KPGQX6KBKdPjmBZlR5A06pOBXuJnVr23l27rtA==

popsicle-user-agent@^1.0.0:
  version "1.0.0"
  resolved "https://registry.yarnpkg.com/popsicle-user-agent/-/popsicle-user-agent-1.0.0.tgz#976af355b605966168733c4e03ad1e4f783f5d48"
  integrity sha512-epKaq3TTfTzXcxBxjpoKYMcTTcAX8Rykus6QZu77XNhJuRHSRxMd+JJrbX/3PFI0opFGSN0BabbAYCbGxbu0mA==

popsicle@^12.0.5:
  version "12.1.0"
  resolved "https://registry.yarnpkg.com/popsicle/-/popsicle-12.1.0.tgz#80ba6ea75818d30658263329f1d8985751ecac02"
  integrity sha512-muNC/cIrWhfR6HqqhHazkxjob3eyECBe8uZYSQ/N5vixNAgssacVleerXnE8Are5fspR0a+d2qWaBR1g7RYlmw==
  dependencies:
    popsicle-content-encoding "^1.0.0"
    popsicle-cookie-jar "^1.0.0"
    popsicle-redirects "^1.1.0"
    popsicle-transport-http "^1.0.8"
    popsicle-transport-xhr "^2.0.0"
    popsicle-user-agent "^1.0.0"
    servie "^4.3.3"
    throwback "^4.1.0"

prop-types@^15.7.2:
  version "15.7.2"
  resolved "https://registry.yarnpkg.com/prop-types/-/prop-types-15.7.2.tgz#52c41e75b8c87e72b9d9360e0206b99dcbffa6c5"
  integrity sha512-8QQikdH7//R2vurIJSutZ1smHYTcLpRWEOlHnzcWHmBYrOGUysKwSsrC89BCiFj3CbrfJ/nXFdJepOVrY1GCHQ==
  dependencies:
    loose-envify "^1.4.0"
    object-assign "^4.1.1"
    react-is "^16.8.1"

psl@^1.1.28:
  version "1.8.0"
  resolved "https://registry.yarnpkg.com/psl/-/psl-1.8.0.tgz#9326f8bcfb013adcc005fdff056acce020e51c24"
  integrity sha512-RIdOzyoavK+hA18OGGWDqUTsCLhtA7IcZ/6NCs4fFJaHBDab+pDDmDIByWFRQJq2Cd7r1OoQxBGKOaztq+hjIQ==

pump@^3.0.0:
  version "3.0.0"
  resolved "https://registry.yarnpkg.com/pump/-/pump-3.0.0.tgz#b4a2116815bde2f4e1ea602354e8c75565107a64"
  integrity sha512-LwZy+p3SFs1Pytd/jYct4wpv49HiYCqd9Rlc5ZVdk0V+8Yzv6jR5Blk3TRmPL1ft69TxP0IMZGJ+WPFU2BFhww==
  dependencies:
    end-of-stream "^1.1.0"
    once "^1.3.1"

punycode@^2.1.1:
  version "2.1.1"
  resolved "https://registry.yarnpkg.com/punycode/-/punycode-2.1.1.tgz#b58b010ac40c22c5657616c8d2c2c02c7bf479ec"
  integrity sha512-XRsRjdf+j5ml+y/6GKHPZbrF/8p2Yga0JPtdqTIY2Xe5ohJPD9saDJJLPvp9+NSBprVvevdXZybnj2cv8OEd0A==

query-string@^6.4.2:
  version "6.13.6"
  resolved "https://registry.yarnpkg.com/query-string/-/query-string-6.13.6.tgz#e5ac7c74f2a5da43fbca0b883b4f0bafba439966"
  integrity sha512-/WWZ7d9na6s2wMEGdVCVgKWE9Rt7nYyNIf7k8xmHXcesPMlEzicWo3lbYwHyA4wBktI2KrXxxZeACLbE84hvSQ==
  dependencies:
    decode-uri-component "^0.2.0"
    split-on-first "^1.0.0"
    strict-uri-encode "^2.0.0"

react-is@^16.8.1:
  version "16.13.1"
  resolved "https://registry.yarnpkg.com/react-is/-/react-is-16.13.1.tgz#789729a4dc36de2999dc156dd6c1d9c18cea56a4"
  integrity sha512-24e6ynE2H+OKt4kqsOvNd8kBpV65zoxbA4BVsEOB3ARVWQki/DHzaUoC5KuON/BiccDaCCTZBuOcfZs70kR8bQ==

redux-thunk@^2.3.0:
  version "2.3.0"
  resolved "https://registry.yarnpkg.com/redux-thunk/-/redux-thunk-2.3.0.tgz#51c2c19a185ed5187aaa9a2d08b666d0d6467622"
  integrity sha512-km6dclyFnmcvxhAcrQV2AkZmPQjzPDjgVlQtR0EQjxZPyJ0BnMf3in1ryuR8A2qU0HldVRfxYXbFSKlI3N7Slw==

redux@^4.0.1, redux@^4.0.5:
  version "4.0.5"
  resolved "https://registry.yarnpkg.com/redux/-/redux-4.0.5.tgz#4db5de5816e17891de8a80c424232d06f051d93f"
  integrity sha512-VSz1uMAH24DM6MF72vcojpYPtrTUu3ByVWfPL1nPfVRb5mZVTve5GnNCUV53QM/BZ66xfWrm0CTWoM+Xlz8V1w==
  dependencies:
    loose-envify "^1.4.0"
    symbol-observable "^1.2.0"

reselect@^4.0.0:
  version "4.0.0"
  resolved "https://registry.yarnpkg.com/reselect/-/reselect-4.0.0.tgz#f2529830e5d3d0e021408b246a206ef4ea4437f7"
  integrity sha512-qUgANli03jjAyGlnbYVAV5vvnOmJnODyABz51RdBN7M4WaVu8mecZWgyQNkG8Yqe3KRGRt0l4K4B3XVEULC4CA==

safe-buffer@^5.2.0:
  version "5.2.1"
  resolved "https://registry.yarnpkg.com/safe-buffer/-/safe-buffer-5.2.1.tgz#1eaf9fa9bdb1fdd4ec75f58f9cdb4e6b7827eec6"
  integrity sha512-rp3So07KcdmmKbGvgaNxQSJr7bGVSVk5S9Eq1F+ppbRo70+YeaDxkw5Dd8NPN+GD6bjnYm2VuPuCXmpuYvmCXQ==

seamless-immutable@^7.1.4:
  version "7.1.4"
  resolved "https://registry.yarnpkg.com/seamless-immutable/-/seamless-immutable-7.1.4.tgz#6e9536def083ddc4dea0207d722e0e80d0f372f8"
  integrity sha512-XiUO1QP4ki4E2PHegiGAlu6r82o5A+6tRh7IkGGTVg/h+UoeX4nFBeCGPOhb4CYjvkqsfm/TUtvOMYC1xmV30A==

servie@^4.3.3:
  version "4.3.3"
  resolved "https://registry.yarnpkg.com/servie/-/servie-4.3.3.tgz#4a9ffed6842cd0523003ad0ae9c0c8079f37718f"
  integrity sha512-b0IrY3b1gVMsWvJppCf19g1p3JSnS0hQi6xu4Hi40CIhf0Lx8pQHcvBL+xunShpmOiQzg1NOia812NAWdSaShw==
  dependencies:
    "@servie/events" "^1.0.0"
    byte-length "^1.0.2"
    ts-expect "^1.1.0"

split-on-first@^1.0.0:
  version "1.1.0"
  resolved "https://registry.yarnpkg.com/split-on-first/-/split-on-first-1.1.0.tgz#f610afeee3b12bce1d0c30425e76398b78249a5f"
  integrity sha512-43ZssAJaMusuKWL8sKUBQXHWOpq8d6CfN/u1p4gUzfJkM05C8rxTmYrkIPTXapZpORA6LkkzcUulJ8FqA7Uudw==

strict-uri-encode@^2.0.0:
  version "2.0.0"
  resolved "https://registry.yarnpkg.com/strict-uri-encode/-/strict-uri-encode-2.0.0.tgz#b9c7330c7042862f6b142dc274bbcc5866ce3546"
  integrity sha1-ucczDHBChi9rFC3CdLvMWGbONUY=

symbol-observable@^1.2.0:
  version "1.2.0"
  resolved "https://registry.yarnpkg.com/symbol-observable/-/symbol-observable-1.2.0.tgz#c22688aed4eab3cdc2dfeacbb561660560a00804"
  integrity sha512-e900nM8RRtGhlV36KGEU9k65K3mPb1WV70OdjfxlG2EAuM1noi/E/BaW/uMhL7bPEssK8QV57vN3esixjUvcXQ==

throwback@^4.1.0:
  version "4.1.0"
  resolved "https://registry.yarnpkg.com/throwback/-/throwback-4.1.0.tgz#421aac7ba9eff473105385ac4a2b0130d4b0a59c"
  integrity sha512-dLFe8bU8SeH0xeqeKL7BNo8XoPC/o91nz9/ooeplZPiso+DZukhoyZcSz9TFnUNScm+cA9qjU1m1853M6sPOng==

tough-cookie@^3.0.1:
  version "3.0.1"
  resolved "https://registry.yarnpkg.com/tough-cookie/-/tough-cookie-3.0.1.tgz#9df4f57e739c26930a018184887f4adb7dca73b2"
  integrity sha512-yQyJ0u4pZsv9D4clxO69OEjLWYw+jbgspjTue4lTQZLfV0c5l1VmK2y1JK8E9ahdpltPOaAThPcp5nKPUgSnsg==
  dependencies:
    ip-regex "^2.1.0"
    psl "^1.1.28"
    punycode "^2.1.1"

ts-expect@^1.1.0:
  version "1.1.0"
  resolved "https://registry.yarnpkg.com/ts-expect/-/ts-expect-1.1.0.tgz#52a280a149e1943ff7473d3dcb2fe17f85f63853"
  integrity sha512-cKoBZ47X85x/Qh7taf30m3BhOJOhtNbb7KFHz9CCuWeRSAh0wzprnmiN9TSOQ0FWp3+qDWS5f2FDnxkY93Kdfw==

wrappy@1:
  version "1.0.2"
  resolved "https://registry.yarnpkg.com/wrappy/-/wrappy-1.0.2.tgz#b5243d8f3ec1aa35f1364605bc0d1036e30ab69f"
  integrity sha1-tSQ9jz7BqjXxNkYFvA0QNuMKtp8=
