# THIS IS AN AUTOGENERATED FILE. DO NOT EDIT THIS FILE DIRECTLY.
# yarn lockfile v1


"@opensrp/reducer-factory@^0.0.3":
  version "0.0.3"
  resolved "https://registry.yarnpkg.com/@opensrp/reducer-factory/-/reducer-factory-0.0.3.tgz#87bd0d42f5206c7d41d48c55f041cb6ba6b9b948"
  integrity sha512-+rGCCuYfRr1Ze6NpFGuxtR7fxwA491J9MWxzNS1D4UhKt4s6WRyER97ggtgrUCbxF26vaTpL8hHjiZysD0NPhQ==
  dependencies:
    lodash "^4.17.15"
    redux "^4.0.5"
    seamless-immutable "^7.1.4"

"@opensrp/server-service@^0.0.4":
  version "0.0.4"
  resolved "https://registry.yarnpkg.com/@opensrp/server-service/-/server-service-0.0.4.tgz#78e0301704d2b0a751402456fdf1aab36e263d71"
  integrity sha512-iI0iWjcBPA4yRhlwl6pfqL0Pr2dXFxtbAVSyi+wLkmZ8HuBgMxg95Q0iP5UOIjBvb0xSv1SE3bpJgxE9RWN4bw==

"@types/geojson@^7946.0.7":
  version "7946.0.7"
  resolved "https://registry.yarnpkg.com/@types/geojson/-/geojson-7946.0.7.tgz#c8fa532b60a0042219cdf173ca21a975ef0666ad"
  integrity sha512-wE2v81i4C4Ol09RtsWFAqg3BUitWbHSpSlIo+bNdsCJijO9sjme+zm+73ZMCa/qMC8UEERxzGbvmr1cffo2SiQ==

formik-antd@^2.0.1:
  version "2.0.1"
  resolved "https://registry.yarnpkg.com/formik-antd/-/formik-antd-2.0.1.tgz#0f50ee1141c299187132fd7641e3467a2261e58d"
  integrity sha512-KyDRqzPUchYvKLLku5/yphzIDkAFDT8ViKo6+9wXYJf0duwcuCmsNZlgQiEdlCrm1IWN3XMLUCPV/MUm0iLKww==

"js-tokens@^3.0.0 || ^4.0.0":
  version "4.0.0"
  resolved "https://registry.yarnpkg.com/js-tokens/-/js-tokens-4.0.0.tgz#19203fb59991df98e3a287050d4647cdeaf32499"
  integrity sha512-RdJUflcE3cUzKiMqQgsCu06FPu9UdIJO0beYbPhHN4k6apgJtifcoCtT9bcxOpYBtpD2kCM6Sbzg4CausW/PKQ==

lodash@^4.17.15:
  version "4.17.20"
  resolved "https://registry.yarnpkg.com/lodash/-/lodash-4.17.20.tgz#b44a9b6297bcb698f1c51a3545a2b3b368d59c52"
  integrity sha512-PlhdFcillOINfeV7Ni6oF1TAEayyZBoZ8bcshTHqOYJYlrqzRK5hagpagky5o4HfCzzd1TRkXPMFq6cKk9rGmA==

loose-envify@^1.4.0:
  version "1.4.0"
  resolved "https://registry.yarnpkg.com/loose-envify/-/loose-envify-1.4.0.tgz#71ee51fa7be4caec1a63839f7e682d8132d30caf"
  integrity sha512-lyuxPGr/Wfhrlem2CL/UcnUc1zcqKAImBDzukY7Y5F/yQiNdko6+fRLevlw1HgMySw7f611UIY408EtxRSoK3Q==
  dependencies:
    js-tokens "^3.0.0 || ^4.0.0"

redux@^4.0.5:
  version "4.0.5"
  resolved "https://registry.yarnpkg.com/redux/-/redux-4.0.5.tgz#4db5de5816e17891de8a80c424232d06f051d93f"
  integrity sha512-VSz1uMAH24DM6MF72vcojpYPtrTUu3ByVWfPL1nPfVRb5mZVTve5GnNCUV53QM/BZ66xfWrm0CTWoM+Xlz8V1w==
  dependencies:
    loose-envify "^1.4.0"
    symbol-observable "^1.2.0"

seamless-immutable@^7.1.4:
  version "7.1.4"
  resolved "https://registry.yarnpkg.com/seamless-immutable/-/seamless-immutable-7.1.4.tgz#6e9536def083ddc4dea0207d722e0e80d0f372f8"
  integrity sha512-XiUO1QP4ki4E2PHegiGAlu6r82o5A+6tRh7IkGGTVg/h+UoeX4nFBeCGPOhb4CYjvkqsfm/TUtvOMYC1xmV30A==

symbol-observable@^1.2.0:
  version "1.2.0"
  resolved "https://registry.yarnpkg.com/symbol-observable/-/symbol-observable-1.2.0.tgz#c22688aed4eab3cdc2dfeacbb561660560a00804"
  integrity sha512-e900nM8RRtGhlV36KGEU9k65K3mPb1WV70OdjfxlG2EAuM1noi/E/BaW/uMhL7bPEssK8QV57vN3esixjUvcXQ==
