# This file is generated by running "yarn install" inside your project.
# Manual changes might be lost - proceed with caution!

__metadata:
  version: 6
  cacheKey: 8

"@opensrp/scripts-helm-envs-checker@workspace:.":
  version: 0.0.0-use.local
  resolution: "@opensrp/scripts-helm-envs-checker@workspace:."
  dependencies:
    js-yaml: ^4.1.0
    typescript: ^5.7.2
  bin:
    scripts-helm-envs-checker: cli.js
  languageName: unknown
  linkType: soft

"argparse@npm:^2.0.1":
  version: 2.0.1
  resolution: "argparse@npm:2.0.1"
  checksum: 83644b56493e89a254bae05702abf3a1101b4fa4d0ca31df1c9985275a5a5bd47b3c27b7fa0b71098d41114d8ca000e6ed90cad764b306f8a503665e4d517ced
  languageName: node
  linkType: hard

"js-yaml@npm:^4.1.0":
  version: 4.1.0
  resolution: "js-yaml@npm:4.1.0"
  dependencies:
    argparse: ^2.0.1
  bin:
    js-yaml: bin/js-yaml.js
  checksum: c7830dfd456c3ef2c6e355cc5a92e6700ceafa1d14bba54497b34a99f0376cecbb3e9ac14d3e5849b426d5a5140709a66237a8c991c675431271c4ce5504151a
  languageName: node
  linkType: hard

"typescript@npm:^5.7.2":
  version: 5.7.2
  resolution: "typescript@npm:5.7.2"
  bin:
    tsc: bin/tsc
    tsserver: bin/tsserver
  checksum: b55300c4cefee8ee380d14fa9359ccb41ff8b54c719f6bc49b424899d662a5ce62ece390ce769568c7f4d14af844085255e63788740084444eb12ef423b13433
  languageName: node
  linkType: hard

"typescript@patch:typescript@^5.7.2#~builtin<compat/typescript>":
  version: 5.7.2
  resolution: "typescript@patch:typescript@npm%3A5.7.2#~builtin<compat/typescript>::version=5.7.2&hash=14eedb"
  bin:
    tsc: bin/tsc
    tsserver: bin/tsserver
  checksum: 803430c6da2ba73c25a21880d8d4f08a56d9d2444e6db2ea949ac4abceeece8e4a442b7b9b585db7d8a0b47ebda2060e45fe8ee8b8aca23e27ec1d4844987ee6
  languageName: node
  linkType: hard
