# THIS IS AN AUTOGENERATED FILE. DO NOT EDIT THIS FILE DIRECTLY.
# yarn lockfile v1


"@playwright/test@^1.36.2":
  version "1.36.2"
  resolved "https://registry.yarnpkg.com/@playwright/test/-/test-1.36.2.tgz#9edd68a02b0929c5d78d9479a654ceb981dfb592"
  integrity sha512-2rVZeyPRjxfPH6J0oGJqE8YxiM1IBRyM8hyrXYK7eSiAqmbNhxwcLa7dZ7fy9Kj26V7FYia5fh9XJRq4Dqme+g==
  dependencies:
    "@types/node" "*"
    playwright-core "1.36.2"
  optionalDependencies:
    fsevents "2.3.2"

"@types/node@*":
  version "18.13.0"
  resolved "https://registry.yarnpkg.com/@types/node/-/node-18.13.0.tgz#0400d1e6ce87e9d3032c19eb6c58205b0d3f7850"
  integrity sha512-gC3TazRzGoOnoKAhUx+Q0t8S9Tzs74z7m0ipwGpSqQrleP14hKxP4/JUeEQcD3W1/aIpnWl8pHowI7WokuZpXg==

dotenv@^16.3.1:
  version "16.3.1"
  resolved "https://registry.yarnpkg.com/dotenv/-/dotenv-16.3.1.tgz#369034de7d7e5b120972693352a3bf112172cc3e"
  integrity sha512-IPzF4w4/Rd94bA9imS68tZBaYyBWSCE47V1RGuMrB94iyTOIEwRmVL2x/4An+6mETpLrKJ5hQkB8W4kFAadeIQ==

fsevents@2.3.2:
  version "2.3.2"
  resolved "https://registry.yarnpkg.com/fsevents/-/fsevents-2.3.2.tgz#8a526f78b8fdf4623b709e0b975c52c24c02fd1a"
  integrity sha512-xiqMQR4xAeHTuB9uWm+fFRcIOgKBMiOBP+eXiyT7jsgVCq1bkVygt00oASowB7EdtpOHaaPgKt812P9ab+DDKA==

playwright-core@1.36.2:
  version "1.36.2"
  resolved "https://registry.yarnpkg.com/playwright-core/-/playwright-core-1.36.2.tgz#32382f2d96764c24c65a86ea336cf79721c2e50e"
  integrity sha512-sQYZt31dwkqxOrP7xy2ggDfEzUxM1lodjhsQ3NMMv5uGTRDsLxU0e4xf4wwMkF2gplIxf17QMBCodSFgm6bFVQ==
